
Microsoft Visual Studio Solution File, Format Version 12.00
# Visual Studio Version 17
VisualStudioVersion = 17.1.32407.343
MinimumVisualStudioVersion = 10.0.40219.1
Project("{9A19103F-16F7-4668-BE54-9A1E7A4F7556}") = "Repository", "Repository\Repository.csproj", "{ACF30BF5-5437-479E-A5D5-8571C60DE3D9}"
EndProject
Project("{9A19103F-16F7-4668-BE54-9A1E7A4F7556}") = "WinForm", "WinForm\WinForm.csproj", "{A9D63B06-88F1-47F7-B51B-433070489A4A}"
EndProject
Project("{FAE04EC0-301F-11D3-BF4B-00C04F79EFBC}") = "Data", "Data\Data.csproj", "{03BA4982-6F9F-4A2F-BDB3-94A50D4857E2}"
EndProject
Global
	GlobalSection(SolutionConfigurationPlatforms) = preSolution
		Debug|Any CPU = Debug|Any CPU
		Release|Any CPU = Release|Any CPU
	EndGlobalSection
	GlobalSection(ProjectConfigurationPlatforms) = postSolution
		{ACF30BF5-5437-479E-A5D5-8571C60DE3D9}.Debug|Any CPU.ActiveCfg = Debug|Any CPU
		{ACF30BF5-5437-479E-A5D5-8571C60DE3D9}.Debug|Any CPU.Build.0 = Debug|Any CPU
		{ACF30BF5-5437-479E-A5D5-8571C60DE3D9}.Release|Any CPU.ActiveCfg = Release|Any CPU
		{ACF30BF5-5437-479E-A5D5-8571C60DE3D9}.Release|Any CPU.Build.0 = Release|Any CPU
		{A9D63B06-88F1-47F7-B51B-433070489A4A}.Debug|Any CPU.ActiveCfg = Debug|Any CPU
		{A9D63B06-88F1-47F7-B51B-433070489A4A}.Debug|Any CPU.Build.0 = Debug|Any CPU
		{A9D63B06-88F1-47F7-B51B-433070489A4A}.Release|Any CPU.ActiveCfg = Release|Any CPU
		{A9D63B06-88F1-47F7-B51B-433070489A4A}.Release|Any CPU.Build.0 = Release|Any CPU
		{03BA4982-6F9F-4A2F-BDB3-94A50D4857E2}.Debug|Any CPU.ActiveCfg = Debug|Any CPU
		{03BA4982-6F9F-4A2F-BDB3-94A50D4857E2}.Debug|Any CPU.Build.0 = Debug|Any CPU
		{03BA4982-6F9F-4A2F-BDB3-94A50D4857E2}.Release|Any CPU.ActiveCfg = Release|Any CPU
		{03BA4982-6F9F-4A2F-BDB3-94A50D4857E2}.Release|Any CPU.Build.0 = Release|Any CPU
	EndGlobalSection
	GlobalSection(SolutionProperties) = preSolution
		HideSolutionNode = FALSE
	EndGlobalSection
	GlobalSection(ExtensibilityGlobals) = postSolution
		SolutionGuid = {6DE775E6-3F0D-4045-A096-BA9166E6300B}
	EndGlobalSection
EndGlobal
